
Microsoft Visual Studio Solution File, Format Version 12.00
Project("{FAE04EC0-301F-11D3-BF4B-00C04F79EFBC}") = "EventsApp.API", "EventsApp.API\EventsApp.API.csproj", "{513B4508-C5DB-43A1-BF63-C6F419D3FD75}"
EndProject
Project("{FAE04EC0-301F-11D3-BF4B-00C04F79EFBC}") = "EventsApp.Data", "EventsApp.Data\EventsApp.Data.csproj", "{C8F74B50-CA4F-4029-8FF7-AFEFB2325D79}"
EndProject
Global
	GlobalSection(SolutionConfigurationPlatforms) = preSolution
		Debug|Any CPU = Debug|Any CPU
		Release|Any CPU = Release|Any CPU
	EndGlobalSection
	GlobalSection(ProjectConfigurationPlatforms) = postSolution
		{513B4508-C5DB-43A1-BF63-C6F419D3FD75}.Debug|Any CPU.ActiveCfg = Debug|Any CPU
		{513B4508-C5DB-43A1-BF63-C6F419D3FD75}.Debug|Any CPU.Build.0 = Debug|Any CPU
		{513B4508-C5DB-43A1-BF63-C6F419D3FD75}.Release|Any CPU.ActiveCfg = Release|Any CPU
		{513B4508-C5DB-43A1-BF63-C6F419D3FD75}.Release|Any CPU.Build.0 = Release|Any CPU
		{C8F74B50-CA4F-4029-8FF7-AFEFB2325D79}.Debug|Any CPU.ActiveCfg = Debug|Any CPU
		{C8F74B50-CA4F-4029-8FF7-AFEFB2325D79}.Debug|Any CPU.Build.0 = Debug|Any CPU
		{C8F74B50-CA4F-4029-8FF7-AFEFB2325D79}.Release|Any CPU.ActiveCfg = Release|Any CPU
		{C8F74B50-CA4F-4029-8FF7-AFEFB2325D79}.Release|Any CPU.Build.0 = Release|Any CPU
	EndGlobalSection
EndGlobal
